
Microsoft Visual Studio Solution File, Format Version 12.00
# Visual Studio Version 16
VisualStudioVersion = 16.0.30413.136
MinimumVisualStudioVersion = 10.0.40219.1
Project("{9A19103F-16F7-4668-BE54-9A1E7A4F7556}") = "Shirley.Book.Web", "..\BookApi.Web\Shirley.Book.Web.csproj", "{3A0A7421-C9D8-4CDC-9FC0-28ECDEF0FD3F}"
EndProject
Project("{9A19103F-16F7-4668-BE54-9A1E7A4F7556}") = "Shirley.Book.Service", "..\Shirley.Book.Service\Shirley.Book.Service.csproj", "{7818D983-43E2-4549-B73C-7C0B844E0B51}"
EndProject
Project("{9A19103F-16F7-4668-BE54-9A1E7A4F7556}") = "Shirley.Book.DataAccess", "..\Shirley.Book.DataAccess\Shirley.Book.DataAccess.csproj", "{FE7107AB-C62E-4DB0-A601-34EA65FFC871}"
EndProject
Project("{9A19103F-16F7-4668-BE54-9A1E7A4F7556}") = "Shirley.Book.Model", "..\BookApi.Model\Shirley.Book.Model.csproj", "{79402026-2605-43DC-A19C-4EAFFA67E984}"
EndProject
Global
	GlobalSection(SolutionConfigurationPlatforms) = preSolution
		Debug|Any CPU = Debug|Any CPU
		Release|Any CPU = Release|Any CPU
	EndGlobalSection
	GlobalSection(ProjectConfigurationPlatforms) = postSolution
		{3A0A7421-C9D8-4CDC-9FC0-28ECDEF0FD3F}.Debug|Any CPU.ActiveCfg = Debug|Any CPU
		{3A0A7421-C9D8-4CDC-9FC0-28ECDEF0FD3F}.Debug|Any CPU.Build.0 = Debug|Any CPU
		{3A0A7421-C9D8-4CDC-9FC0-28ECDEF0FD3F}.Release|Any CPU.ActiveCfg = Release|Any CPU
		{3A0A7421-C9D8-4CDC-9FC0-28ECDEF0FD3F}.Release|Any CPU.Build.0 = Release|Any CPU
		{7818D983-43E2-4549-B73C-7C0B844E0B51}.Debug|Any CPU.ActiveCfg = Debug|Any CPU
		{7818D983-43E2-4549-B73C-7C0B844E0B51}.Debug|Any CPU.Build.0 = Debug|Any CPU
		{7818D983-43E2-4549-B73C-7C0B844E0B51}.Release|Any CPU.ActiveCfg = Release|Any CPU
		{7818D983-43E2-4549-B73C-7C0B844E0B51}.Release|Any CPU.Build.0 = Release|Any CPU
		{FE7107AB-C62E-4DB0-A601-34EA65FFC871}.Debug|Any CPU.ActiveCfg = Debug|Any CPU
		{FE7107AB-C62E-4DB0-A601-34EA65FFC871}.Debug|Any CPU.Build.0 = Debug|Any CPU
		{FE7107AB-C62E-4DB0-A601-34EA65FFC871}.Release|Any CPU.ActiveCfg = Release|Any CPU
		{FE7107AB-C62E-4DB0-A601-34EA65FFC871}.Release|Any CPU.Build.0 = Release|Any CPU
		{79402026-2605-43DC-A19C-4EAFFA67E984}.Debug|Any CPU.ActiveCfg = Debug|Any CPU
		{79402026-2605-43DC-A19C-4EAFFA67E984}.Debug|Any CPU.Build.0 = Debug|Any CPU
		{79402026-2605-43DC-A19C-4EAFFA67E984}.Release|Any CPU.ActiveCfg = Release|Any CPU
		{79402026-2605-43DC-A19C-4EAFFA67E984}.Release|Any CPU.Build.0 = Release|Any CPU
	EndGlobalSection
	GlobalSection(SolutionProperties) = preSolution
		HideSolutionNode = FALSE
	EndGlobalSection
	GlobalSection(ExtensibilityGlobals) = postSolution
		SolutionGuid = {838DD211-C5DE-4693-B7B7-36755066FBE6}
	EndGlobalSection
EndGlobal
